
Microsoft Visual Studio Solution File, Format Version 12.00
# Visual Studio Version 17
VisualStudioVersion = 17.4.33205.214
MinimumVisualStudioVersion = 10.0.40219.1
Project("{9A19103F-16F7-4668-BE54-9A1E7A4F7556}") = "Module 14", "Module 14.csproj", "{6CD00C70-5BC8-4228-AEE9-FE4AD9064487}"
EndProject
Project("{FAE04EC0-301F-11D3-BF4B-00C04F79EFBC}") = "UserLibrary", "UserLibrary\UserLibrary.csproj", "{95DE4BC2-7B2E-40AC-AC63-9D3B1116DE32}"
EndProject
Project("{FAE04EC0-301F-11D3-BF4B-00C04F79EFBC}") = "LogLibrary", "LogLibrary\LogLibrary.csproj", "{0E2CA8E8-4BB1-4887-BF27-F0902A453663}"
EndProject
Global
	GlobalSection(SolutionConfigurationPlatforms) = preSolution
		Debug|Any CPU = Debug|Any CPU
		Release|Any CPU = Release|Any CPU
	EndGlobalSection
	GlobalSection(ProjectConfigurationPlatforms) = postSolution
		{6CD00C70-5BC8-4228-AEE9-FE4AD9064487}.Debug|Any CPU.ActiveCfg = Debug|Any CPU
		{6CD00C70-5BC8-4228-AEE9-FE4AD9064487}.Debug|Any CPU.Build.0 = Debug|Any CPU
		{6CD00C70-5BC8-4228-AEE9-FE4AD9064487}.Release|Any CPU.ActiveCfg = Release|Any CPU
		{6CD00C70-5BC8-4228-AEE9-FE4AD9064487}.Release|Any CPU.Build.0 = Release|Any CPU
		{95DE4BC2-7B2E-40AC-AC63-9D3B1116DE32}.Debug|Any CPU.ActiveCfg = Debug|Any CPU
		{95DE4BC2-7B2E-40AC-AC63-9D3B1116DE32}.Debug|Any CPU.Build.0 = Debug|Any CPU
		{95DE4BC2-7B2E-40AC-AC63-9D3B1116DE32}.Release|Any CPU.ActiveCfg = Release|Any CPU
		{95DE4BC2-7B2E-40AC-AC63-9D3B1116DE32}.Release|Any CPU.Build.0 = Release|Any CPU
		{0E2CA8E8-4BB1-4887-BF27-F0902A453663}.Debug|Any CPU.ActiveCfg = Debug|Any CPU
		{0E2CA8E8-4BB1-4887-BF27-F0902A453663}.Debug|Any CPU.Build.0 = Debug|Any CPU
		{0E2CA8E8-4BB1-4887-BF27-F0902A453663}.Release|Any CPU.ActiveCfg = Release|Any CPU
		{0E2CA8E8-4BB1-4887-BF27-F0902A453663}.Release|Any CPU.Build.0 = Release|Any CPU
	EndGlobalSection
	GlobalSection(SolutionProperties) = preSolution
		HideSolutionNode = FALSE
	EndGlobalSection
	GlobalSection(ExtensibilityGlobals) = postSolution
		SolutionGuid = {088CE383-8AE7-4C5A-8FD9-CDEEE67D7E35}
	EndGlobalSection
EndGlobal
